
Microsoft Visual Studio Solution File, Format Version 12.00
# Visual Studio 15
Project("{FAE04EC0-301F-11D3-BF4B-00C04F79EFBC}") = "WebRTCBinding", "src\WebRTCBinding\WebRTCBinding.csproj", "{1821EA2C-D549-45D7-8272-18D3064D4C55}"
EndProject
Project("{FAE04EC0-301F-11D3-BF4B-00C04F79EFBC}") = "AppRTC", "src\AppRTC\AppRTC.csproj", "{44B9AD03-EBFE-4796-968F-174F08A5793E}"
EndProject
Project("{FAE04EC0-301F-11D3-BF4B-00C04F79EFBC}") = "AppRTC.iOS", "src\AppRTC.iOS\AppRTC.iOS.csproj", "{C4733747-A5E6-4929-B646-62FB15E38E57}"
EndProject
Project("{FAE04EC0-301F-11D3-BF4B-00C04F79EFBC}") = "AppRTC.iOS.Broadcast", "src\AppRTC.iOS.Broadcast\AppRTC.iOS.Broadcast.csproj", "{60B6C832-F192-473C-9B98-3A498ADD762B}"
EndProject
Project("{FAE04EC0-301F-11D3-BF4B-00C04F79EFBC}") = "AppRTC.Pusher", "src\AppRTC.Pusher\AppRTC.Pusher.csproj", "{EBC7B566-6C9E-48CF-8105-76AACFDB81F1}"
EndProject
Global
	GlobalSection(SolutionConfigurationPlatforms) = preSolution
		Debug|x86 = Debug|x86
		Release|x86 = Release|x86
		Debug|iPhoneSimulator = Debug|iPhoneSimulator
		Release|iPhoneSimulator = Release|iPhoneSimulator
		Debug|iPhone = Debug|iPhone
		Release|iPhone = Release|iPhone
	EndGlobalSection
	GlobalSection(ProjectConfigurationPlatforms) = postSolution
		{1821EA2C-D549-45D7-8272-18D3064D4C55}.Debug|x86.ActiveCfg = Debug|Any CPU
		{1821EA2C-D549-45D7-8272-18D3064D4C55}.Debug|x86.Build.0 = Debug|Any CPU
		{1821EA2C-D549-45D7-8272-18D3064D4C55}.Release|x86.ActiveCfg = Release|Any CPU
		{1821EA2C-D549-45D7-8272-18D3064D4C55}.Release|x86.Build.0 = Release|Any CPU
		{1821EA2C-D549-45D7-8272-18D3064D4C55}.Debug|iPhoneSimulator.ActiveCfg = Debug|Any CPU
		{1821EA2C-D549-45D7-8272-18D3064D4C55}.Debug|iPhoneSimulator.Build.0 = Debug|Any CPU
		{1821EA2C-D549-45D7-8272-18D3064D4C55}.Release|iPhoneSimulator.ActiveCfg = Release|Any CPU
		{1821EA2C-D549-45D7-8272-18D3064D4C55}.Release|iPhoneSimulator.Build.0 = Release|Any CPU
		{1821EA2C-D549-45D7-8272-18D3064D4C55}.Debug|iPhone.ActiveCfg = Debug|Any CPU
		{1821EA2C-D549-45D7-8272-18D3064D4C55}.Debug|iPhone.Build.0 = Debug|Any CPU
		{1821EA2C-D549-45D7-8272-18D3064D4C55}.Release|iPhone.ActiveCfg = Release|Any CPU
		{1821EA2C-D549-45D7-8272-18D3064D4C55}.Release|iPhone.Build.0 = Release|Any CPU
		{44B9AD03-EBFE-4796-968F-174F08A5793E}.Debug|x86.ActiveCfg = Debug|Any CPU
		{44B9AD03-EBFE-4796-968F-174F08A5793E}.Debug|x86.Build.0 = Debug|Any CPU
		{44B9AD03-EBFE-4796-968F-174F08A5793E}.Release|x86.ActiveCfg = Release|Any CPU
		{44B9AD03-EBFE-4796-968F-174F08A5793E}.Release|x86.Build.0 = Release|Any CPU
		{44B9AD03-EBFE-4796-968F-174F08A5793E}.Debug|iPhoneSimulator.ActiveCfg = Debug|Any CPU
		{44B9AD03-EBFE-4796-968F-174F08A5793E}.Debug|iPhoneSimulator.Build.0 = Debug|Any CPU
		{44B9AD03-EBFE-4796-968F-174F08A5793E}.Release|iPhoneSimulator.ActiveCfg = Release|Any CPU
		{44B9AD03-EBFE-4796-968F-174F08A5793E}.Release|iPhoneSimulator.Build.0 = Release|Any CPU
		{44B9AD03-EBFE-4796-968F-174F08A5793E}.Debug|iPhone.ActiveCfg = Debug|Any CPU
		{44B9AD03-EBFE-4796-968F-174F08A5793E}.Debug|iPhone.Build.0 = Debug|Any CPU
		{44B9AD03-EBFE-4796-968F-174F08A5793E}.Release|iPhone.ActiveCfg = Release|Any CPU
		{44B9AD03-EBFE-4796-968F-174F08A5793E}.Release|iPhone.Build.0 = Release|Any CPU
		{C4733747-A5E6-4929-B646-62FB15E38E57}.Debug|x86.ActiveCfg = Debug|iPhoneSimulator
		{C4733747-A5E6-4929-B646-62FB15E38E57}.Debug|x86.Build.0 = Debug|iPhoneSimulator
		{C4733747-A5E6-4929-B646-62FB15E38E57}.Release|x86.ActiveCfg = Release|iPhoneSimulator
		{C4733747-A5E6-4929-B646-62FB15E38E57}.Release|x86.Build.0 = Release|iPhoneSimulator
		{C4733747-A5E6-4929-B646-62FB15E38E57}.Debug|iPhoneSimulator.ActiveCfg = Debug|iPhoneSimulator
		{C4733747-A5E6-4929-B646-62FB15E38E57}.Debug|iPhoneSimulator.Build.0 = Debug|iPhoneSimulator
		{C4733747-A5E6-4929-B646-62FB15E38E57}.Release|iPhoneSimulator.ActiveCfg = Release|iPhoneSimulator
		{C4733747-A5E6-4929-B646-62FB15E38E57}.Release|iPhoneSimulator.Build.0 = Release|iPhoneSimulator
		{C4733747-A5E6-4929-B646-62FB15E38E57}.Debug|iPhone.ActiveCfg = Debug|iPhone
		{C4733747-A5E6-4929-B646-62FB15E38E57}.Debug|iPhone.Build.0 = Debug|iPhone
		{C4733747-A5E6-4929-B646-62FB15E38E57}.Release|iPhone.ActiveCfg = Release|iPhone
		{C4733747-A5E6-4929-B646-62FB15E38E57}.Release|iPhone.Build.0 = Release|iPhone
		{60B6C832-F192-473C-9B98-3A498ADD762B}.Debug|x86.ActiveCfg = Debug|iPhoneSimulator
		{60B6C832-F192-473C-9B98-3A498ADD762B}.Debug|x86.Build.0 = Debug|iPhoneSimulator
		{60B6C832-F192-473C-9B98-3A498ADD762B}.Release|x86.ActiveCfg = Release|iPhoneSimulator
		{60B6C832-F192-473C-9B98-3A498ADD762B}.Release|x86.Build.0 = Release|iPhoneSimulator
		{60B6C832-F192-473C-9B98-3A498ADD762B}.Debug|iPhoneSimulator.ActiveCfg = Debug|iPhoneSimulator
		{60B6C832-F192-473C-9B98-3A498ADD762B}.Debug|iPhoneSimulator.Build.0 = Debug|iPhoneSimulator
		{60B6C832-F192-473C-9B98-3A498ADD762B}.Release|iPhoneSimulator.ActiveCfg = Release|iPhoneSimulator
		{60B6C832-F192-473C-9B98-3A498ADD762B}.Release|iPhoneSimulator.Build.0 = Release|iPhoneSimulator
		{60B6C832-F192-473C-9B98-3A498ADD762B}.Debug|iPhone.ActiveCfg = Debug|iPhone
		{60B6C832-F192-473C-9B98-3A498ADD762B}.Debug|iPhone.Build.0 = Debug|iPhone
		{60B6C832-F192-473C-9B98-3A498ADD762B}.Release|iPhone.ActiveCfg = Release|iPhone
		{60B6C832-F192-473C-9B98-3A498ADD762B}.Release|iPhone.Build.0 = Release|iPhone
		{EBC7B566-6C9E-48CF-8105-76AACFDB81F1}.Debug|x86.ActiveCfg = Debug|Any CPU
		{EBC7B566-6C9E-48CF-8105-76AACFDB81F1}.Debug|x86.Build.0 = Debug|Any CPU
		{EBC7B566-6C9E-48CF-8105-76AACFDB81F1}.Release|x86.ActiveCfg = Release|Any CPU
		{EBC7B566-6C9E-48CF-8105-76AACFDB81F1}.Release|x86.Build.0 = Release|Any CPU
		{EBC7B566-6C9E-48CF-8105-76AACFDB81F1}.Debug|iPhoneSimulator.ActiveCfg = Debug|Any CPU
		{EBC7B566-6C9E-48CF-8105-76AACFDB81F1}.Debug|iPhoneSimulator.Build.0 = Debug|Any CPU
		{EBC7B566-6C9E-48CF-8105-76AACFDB81F1}.Release|iPhoneSimulator.ActiveCfg = Release|Any CPU
		{EBC7B566-6C9E-48CF-8105-76AACFDB81F1}.Release|iPhoneSimulator.Build.0 = Release|Any CPU
		{EBC7B566-6C9E-48CF-8105-76AACFDB81F1}.Debug|iPhone.ActiveCfg = Debug|Any CPU
		{EBC7B566-6C9E-48CF-8105-76AACFDB81F1}.Debug|iPhone.Build.0 = Debug|Any CPU
		{EBC7B566-6C9E-48CF-8105-76AACFDB81F1}.Release|iPhone.ActiveCfg = Release|Any CPU
		{EBC7B566-6C9E-48CF-8105-76AACFDB81F1}.Release|iPhone.Build.0 = Release|Any CPU
	EndGlobalSection
EndGlobal
